
Microsoft Visual Studio Solution File, Format Version 12.00
# Visual Studio Version 16
VisualStudioVersion = 16.0.31702.278
MinimumVisualStudioVersion = 10.0.40219.1
Project("{8BC9CEB8-8B4A-11D0-8D11-00A0C91BC942}") = "l1.2v8", "l1.2v8\l1.2v8.vcxproj", "{13316E4B-8D88-442F-AC2F-E2DB0BDB3BDE}"
EndProject
Global
	GlobalSection(SolutionConfigurationPlatforms) = preSolution
		Debug|x64 = Debug|x64
		Debug|x86 = Debug|x86
		Release|x64 = Release|x64
		Release|x86 = Release|x86
	EndGlobalSection
	GlobalSection(ProjectConfigurationPlatforms) = postSolution
		{13316E4B-8D88-442F-AC2F-E2DB0BDB3BDE}.Debug|x64.ActiveCfg = Debug|x64
		{13316E4B-8D88-442F-AC2F-E2DB0BDB3BDE}.Debug|x64.Build.0 = Debug|x64
		{13316E4B-8D88-442F-AC2F-E2DB0BDB3BDE}.Debug|x86.ActiveCfg = Debug|Win32
		{13316E4B-8D88-442F-AC2F-E2DB0BDB3BDE}.Debug|x86.Build.0 = Debug|Win32
		{13316E4B-8D88-442F-AC2F-E2DB0BDB3BDE}.Release|x64.ActiveCfg = Release|x64
		{13316E4B-8D88-442F-AC2F-E2DB0BDB3BDE}.Release|x64.Build.0 = Release|x64
		{13316E4B-8D88-442F-AC2F-E2DB0BDB3BDE}.Release|x86.ActiveCfg = Release|Win32
		{13316E4B-8D88-442F-AC2F-E2DB0BDB3BDE}.Release|x86.Build.0 = Release|Win32
	EndGlobalSection
	GlobalSection(SolutionProperties) = preSolution
		HideSolutionNode = FALSE
	EndGlobalSection
	GlobalSection(ExtensibilityGlobals) = postSolution
		SolutionGuid = {F5CD34FA-038A-41F9-8800-A16B988DAB89}
	EndGlobalSection
EndGlobal
