
Microsoft Visual Studio Solution File, Format Version 12.00
# Visual Studio Version 16
VisualStudioVersion = 16.0.31702.278
MinimumVisualStudioVersion = 10.0.40219.1
Project("{8BC9CEB8-8B4A-11D0-8D11-00A0C91BC942}") = "l2.1.1v8", "l2.1.1v8\l2.1.1v8.vcxproj", "{04A6B69D-9223-47E0-B34D-27F7FCD09E0D}"
EndProject
Global
	GlobalSection(SolutionConfigurationPlatforms) = preSolution
		Debug|x64 = Debug|x64
		Debug|x86 = Debug|x86
		Release|x64 = Release|x64
		Release|x86 = Release|x86
	EndGlobalSection
	GlobalSection(ProjectConfigurationPlatforms) = postSolution
		{04A6B69D-9223-47E0-B34D-27F7FCD09E0D}.Debug|x64.ActiveCfg = Debug|x64
		{04A6B69D-9223-47E0-B34D-27F7FCD09E0D}.Debug|x64.Build.0 = Debug|x64
		{04A6B69D-9223-47E0-B34D-27F7FCD09E0D}.Debug|x86.ActiveCfg = Debug|Win32
		{04A6B69D-9223-47E0-B34D-27F7FCD09E0D}.Debug|x86.Build.0 = Debug|Win32
		{04A6B69D-9223-47E0-B34D-27F7FCD09E0D}.Release|x64.ActiveCfg = Release|x64
		{04A6B69D-9223-47E0-B34D-27F7FCD09E0D}.Release|x64.Build.0 = Release|x64
		{04A6B69D-9223-47E0-B34D-27F7FCD09E0D}.Release|x86.ActiveCfg = Release|Win32
		{04A6B69D-9223-47E0-B34D-27F7FCD09E0D}.Release|x86.Build.0 = Release|Win32
	EndGlobalSection
	GlobalSection(SolutionProperties) = preSolution
		HideSolutionNode = FALSE
	EndGlobalSection
	GlobalSection(ExtensibilityGlobals) = postSolution
		SolutionGuid = {2B79F3E3-7183-43E7-BEFA-BC64F93E9FC1}
	EndGlobalSection
EndGlobal
